
Microsoft Visual Studio Solution File, Format Version 12.00
# Visual Studio 14
VisualStudioVersion = 14.0.23107.0
MinimumVisualStudioVersion = 10.0.40219.1
Project("{FAE04EC0-301F-11D3-BF4B-00C04F79EFBC}") = "WebSistemaEscolar", "Web\WebSistemaEscolar\WebSistemaEscolar.csproj", "{58840E2F-F6BC-4408-9B13-18F3C8BD684A}"
EndProject
Project("{2150E333-8FDC-42A3-9474-1A3956D46DE8}") = "Api", "Api", "{E302EA97-6EB9-4726-A2B9-C648FDAAAA36}"
EndProject
Project("{2150E333-8FDC-42A3-9474-1A3956D46DE8}") = "Web", "Web", "{14655427-2600-4A63-8E92-1D741E2C31D3}"
EndProject
Project("{FAE04EC0-301F-11D3-BF4B-00C04F79EFBC}") = "SistemaEscolarApi", "Api\SistemaEscolarApi\SistemaEscolarApi.csproj", "{80503715-A625-4370-BB00-4F17D2A1E41C}"
EndProject
Project("{FAE04EC0-301F-11D3-BF4B-00C04F79EFBC}") = "Tester", "Tester\Tester.csproj", "{C42FD05E-0886-4D6C-A70D-8E28E98F2DD3}"
EndProject
Global
	GlobalSection(SolutionConfigurationPlatforms) = preSolution
		Debug|Any CPU = Debug|Any CPU
		Release|Any CPU = Release|Any CPU
	EndGlobalSection
	GlobalSection(ProjectConfigurationPlatforms) = postSolution
		{58840E2F-F6BC-4408-9B13-18F3C8BD684A}.Debug|Any CPU.ActiveCfg = Debug|Any CPU
		{58840E2F-F6BC-4408-9B13-18F3C8BD684A}.Debug|Any CPU.Build.0 = Debug|Any CPU
		{58840E2F-F6BC-4408-9B13-18F3C8BD684A}.Release|Any CPU.ActiveCfg = Release|Any CPU
		{58840E2F-F6BC-4408-9B13-18F3C8BD684A}.Release|Any CPU.Build.0 = Release|Any CPU
		{80503715-A625-4370-BB00-4F17D2A1E41C}.Debug|Any CPU.ActiveCfg = Debug|Any CPU
		{80503715-A625-4370-BB00-4F17D2A1E41C}.Debug|Any CPU.Build.0 = Debug|Any CPU
		{80503715-A625-4370-BB00-4F17D2A1E41C}.Release|Any CPU.ActiveCfg = Release|Any CPU
		{80503715-A625-4370-BB00-4F17D2A1E41C}.Release|Any CPU.Build.0 = Release|Any CPU
		{C42FD05E-0886-4D6C-A70D-8E28E98F2DD3}.Debug|Any CPU.ActiveCfg = Debug|Any CPU
		{C42FD05E-0886-4D6C-A70D-8E28E98F2DD3}.Debug|Any CPU.Build.0 = Debug|Any CPU
		{C42FD05E-0886-4D6C-A70D-8E28E98F2DD3}.Release|Any CPU.ActiveCfg = Release|Any CPU
		{C42FD05E-0886-4D6C-A70D-8E28E98F2DD3}.Release|Any CPU.Build.0 = Release|Any CPU
	EndGlobalSection
	GlobalSection(SolutionProperties) = preSolution
		HideSolutionNode = FALSE
	EndGlobalSection
	GlobalSection(NestedProjects) = preSolution
		{58840E2F-F6BC-4408-9B13-18F3C8BD684A} = {14655427-2600-4A63-8E92-1D741E2C31D3}
		{80503715-A625-4370-BB00-4F17D2A1E41C} = {E302EA97-6EB9-4726-A2B9-C648FDAAAA36}
	EndGlobalSection
EndGlobal
