
Microsoft Visual Studio Solution File, Format Version 12.00
# Visual Studio 14
VisualStudioVersion = 14.0.23107.0
MinimumVisualStudioVersion = 10.0.40219.1
Project("{FAE04EC0-301F-11D3-BF4B-00C04F79EFBC}") = "WebSistemaEscolar", "WebSistemaEscolar.csproj", "{58840E2F-F6BC-4408-9B13-18F3C8BD684A}"
EndProject
Project("{FAE04EC0-301F-11D3-BF4B-00C04F79EFBC}") = "ApiSistemaEscolar", "..\ApiEscuela\ApiSistemaEscolar.csproj", "{5ED8E660-72F3-40F2-86E0-193BD0967D9D}"
EndProject
Global
	GlobalSection(SolutionConfigurationPlatforms) = preSolution
		Debug|Any CPU = Debug|Any CPU
		Release|Any CPU = Release|Any CPU
	EndGlobalSection
	GlobalSection(ProjectConfigurationPlatforms) = postSolution
		{58840E2F-F6BC-4408-9B13-18F3C8BD684A}.Debug|Any CPU.ActiveCfg = Debug|Any CPU
		{58840E2F-F6BC-4408-9B13-18F3C8BD684A}.Debug|Any CPU.Build.0 = Debug|Any CPU
		{58840E2F-F6BC-4408-9B13-18F3C8BD684A}.Release|Any CPU.ActiveCfg = Release|Any CPU
		{58840E2F-F6BC-4408-9B13-18F3C8BD684A}.Release|Any CPU.Build.0 = Release|Any CPU
		{5ED8E660-72F3-40F2-86E0-193BD0967D9D}.Debug|Any CPU.ActiveCfg = Debug|Any CPU
		{5ED8E660-72F3-40F2-86E0-193BD0967D9D}.Debug|Any CPU.Build.0 = Debug|Any CPU
		{5ED8E660-72F3-40F2-86E0-193BD0967D9D}.Release|Any CPU.ActiveCfg = Release|Any CPU
		{5ED8E660-72F3-40F2-86E0-193BD0967D9D}.Release|Any CPU.Build.0 = Release|Any CPU
	EndGlobalSection
	GlobalSection(SolutionProperties) = preSolution
		HideSolutionNode = FALSE
	EndGlobalSection
EndGlobal
